
Microsoft Visual Studio Solution File, Format Version 12.00
# Visual Studio Version 16
VisualStudioVersion = 16.0.29215.179
MinimumVisualStudioVersion = 10.0.40219.1
Project("{FAE04EC0-301F-11D3-BF4B-00C04F79EFBC}") = "OdeToFood", "OdeToFood\OdeToFood.csproj", "{58B39F37-AC69-4B15-839B-CCB76FB0380C}"
EndProject
Global
	GlobalSection(SolutionConfigurationPlatforms) = preSolution
		Debug|Any CPU = Debug|Any CPU
		Release|Any CPU = Release|Any CPU
	EndGlobalSection
	GlobalSection(ProjectConfigurationPlatforms) = postSolution
		{58B39F37-AC69-4B15-839B-CCB76FB0380C}.Debug|Any CPU.ActiveCfg = Debug|Any CPU
		{58B39F37-AC69-4B15-839B-CCB76FB0380C}.Debug|Any CPU.Build.0 = Debug|Any CPU
		{58B39F37-AC69-4B15-839B-CCB76FB0380C}.Release|Any CPU.ActiveCfg = Release|Any CPU
		{58B39F37-AC69-4B15-839B-CCB76FB0380C}.Release|Any CPU.Build.0 = Release|Any CPU
	EndGlobalSection
	GlobalSection(SolutionProperties) = preSolution
		HideSolutionNode = FALSE
	EndGlobalSection
	GlobalSection(ExtensibilityGlobals) = postSolution
		SolutionGuid = {C6E8B357-71C6-4D4D-B554-40C267224EAA}
	EndGlobalSection
EndGlobal
